
Microsoft Visual Studio Solution File, Format Version 12.00
# Visual Studio 15
VisualStudioVersion = 15.0.28307.168
MinimumVisualStudioVersion = 10.0.40219.1
Project("{FAE04EC0-301F-11D3-BF4B-00C04F79EFBC}") = "KurumsalMimari.Core", "KurumsalMimari.Core\KurumsalMimari.Core.csproj", "{7F6A67DD-DD20-4E06-82EF-AC12F64FE4A3}"
EndProject
Project("{FAE04EC0-301F-11D3-BF4B-00C04F79EFBC}") = "KurumsalMimari.Northwind.Entities", "KurumsalMimari.Northwind.Entities\KurumsalMimari.Northwind.Entities.csproj", "{910E3249-537A-4D64-9376-D801FFDCA526}"
EndProject
Project("{FAE04EC0-301F-11D3-BF4B-00C04F79EFBC}") = "KurumsalMimari.Northwind.DataAccess", "KurumsalMimari.Northwind.DataAccess\KurumsalMimari.Northwind.DataAccess.csproj", "{7AF0F9B2-E0AD-4798-9F43-066812022ADC}"
EndProject
Project("{FAE04EC0-301F-11D3-BF4B-00C04F79EFBC}") = "KurumsalMimari.Northwind.Business", "KurumsalMimari.Northwind.Business\KurumsalMimari.Northwind.Business.csproj", "{C7CE6E4C-34CA-49F8-BCE5-1EEDE2B9097B}"
EndProject
Project("{FAE04EC0-301F-11D3-BF4B-00C04F79EFBC}") = "KurumsalMimari.Northwind.MvcWebUI", "KurumsalMimari.Northwind.MvcWebUI\KurumsalMimari.Northwind.MvcWebUI.csproj", "{CBDD9F9C-5697-4D61-AAAE-E0B096BF3524}"
EndProject
Project("{FAE04EC0-301F-11D3-BF4B-00C04F79EFBC}") = "KurumsalMimari.Northwind.MvcWebUI.Tests", "KurumsalMimari.Northwind.MvcWebUI.Tests\KurumsalMimari.Northwind.MvcWebUI.Tests.csproj", "{1D764F2C-76B8-44BE-8D2A-E1E81BC538DD}"
EndProject
Project("{FAE04EC0-301F-11D3-BF4B-00C04F79EFBC}") = "KurumsalMimari.Northwind.DataAccess.Tests", "KurumsalMimari.Northwind.DataAccess.Tests\KurumsalMimari.Northwind.DataAccess.Tests.csproj", "{5D2E8F50-0BEC-4B91-942D-45B80D3AD7C1}"
EndProject
Project("{FAE04EC0-301F-11D3-BF4B-00C04F79EFBC}") = "KurumsalMimari.Northwind.Business.Tests", "KurumsalMimari.Northwind.Business.Tests\KurumsalMimari.Northwind.Business.Tests.csproj", "{0ABDBB09-5963-45AD-8063-3C7384DB0D08}"
EndProject
Project("{FAE04EC0-301F-11D3-BF4B-00C04F79EFBC}") = "KurumsalMimari.Northwind.WebApi", "KurumsalMimari.Northwind.WebApi\KurumsalMimari.Northwind.WebApi.csproj", "{8C4400C5-8AF1-4D4F-921B-9265AA5C5885}"
EndProject
Project("{E24C65DC-7377-472B-9ABA-BC803B73C61A}") = "KurumsalMimari.Northwind.WcfService", "KurumsalMimari.Northwind.WcfService\", "{D5B4307F-12C8-4529-B1A4-464BDBAFB175}"
	ProjectSection(WebsiteProperties) = preProject
		TargetFrameworkMoniker = ".NETFramework,Version%3Dv4.6.1"
		Debug.AspNetCompiler.VirtualPath = "/localhost_50630"
		Debug.AspNetCompiler.PhysicalPath = "KurumsalMimari.Northwind.WcfService\"
		Debug.AspNetCompiler.TargetPath = "PrecompiledWeb\localhost_50630\"
		Debug.AspNetCompiler.Updateable = "true"
		Debug.AspNetCompiler.ForceOverwrite = "true"
		Debug.AspNetCompiler.FixedNames = "false"
		Debug.AspNetCompiler.Debug = "True"
		Release.AspNetCompiler.VirtualPath = "/localhost_50630"
		Release.AspNetCompiler.PhysicalPath = "KurumsalMimari.Northwind.WcfService\"
		Release.AspNetCompiler.TargetPath = "PrecompiledWeb\localhost_50630\"
		Release.AspNetCompiler.Updateable = "true"
		Release.AspNetCompiler.ForceOverwrite = "true"
		Release.AspNetCompiler.FixedNames = "false"
		Release.AspNetCompiler.Debug = "False"
		VWDPort = "50630"
		DefaultWebSiteLanguage = "Visual C#"
	EndProjectSection
EndProject
Global
	GlobalSection(SolutionConfigurationPlatforms) = preSolution
		Debug|Any CPU = Debug|Any CPU
		Release|Any CPU = Release|Any CPU
	EndGlobalSection
	GlobalSection(ProjectConfigurationPlatforms) = postSolution
		{7F6A67DD-DD20-4E06-82EF-AC12F64FE4A3}.Debug|Any CPU.ActiveCfg = Debug|Any CPU
		{7F6A67DD-DD20-4E06-82EF-AC12F64FE4A3}.Debug|Any CPU.Build.0 = Debug|Any CPU
		{7F6A67DD-DD20-4E06-82EF-AC12F64FE4A3}.Release|Any CPU.ActiveCfg = Release|Any CPU
		{7F6A67DD-DD20-4E06-82EF-AC12F64FE4A3}.Release|Any CPU.Build.0 = Release|Any CPU
		{910E3249-537A-4D64-9376-D801FFDCA526}.Debug|Any CPU.ActiveCfg = Debug|Any CPU
		{910E3249-537A-4D64-9376-D801FFDCA526}.Debug|Any CPU.Build.0 = Debug|Any CPU
		{910E3249-537A-4D64-9376-D801FFDCA526}.Release|Any CPU.ActiveCfg = Release|Any CPU
		{910E3249-537A-4D64-9376-D801FFDCA526}.Release|Any CPU.Build.0 = Release|Any CPU
		{7AF0F9B2-E0AD-4798-9F43-066812022ADC}.Debug|Any CPU.ActiveCfg = Debug|Any CPU
		{7AF0F9B2-E0AD-4798-9F43-066812022ADC}.Debug|Any CPU.Build.0 = Debug|Any CPU
		{7AF0F9B2-E0AD-4798-9F43-066812022ADC}.Release|Any CPU.ActiveCfg = Release|Any CPU
		{7AF0F9B2-E0AD-4798-9F43-066812022ADC}.Release|Any CPU.Build.0 = Release|Any CPU
		{C7CE6E4C-34CA-49F8-BCE5-1EEDE2B9097B}.Debug|Any CPU.ActiveCfg = Debug|Any CPU
		{C7CE6E4C-34CA-49F8-BCE5-1EEDE2B9097B}.Debug|Any CPU.Build.0 = Debug|Any CPU
		{C7CE6E4C-34CA-49F8-BCE5-1EEDE2B9097B}.Release|Any CPU.ActiveCfg = Release|Any CPU
		{C7CE6E4C-34CA-49F8-BCE5-1EEDE2B9097B}.Release|Any CPU.Build.0 = Release|Any CPU
		{CBDD9F9C-5697-4D61-AAAE-E0B096BF3524}.Debug|Any CPU.ActiveCfg = Debug|Any CPU
		{CBDD9F9C-5697-4D61-AAAE-E0B096BF3524}.Debug|Any CPU.Build.0 = Debug|Any CPU
		{CBDD9F9C-5697-4D61-AAAE-E0B096BF3524}.Release|Any CPU.ActiveCfg = Release|Any CPU
		{CBDD9F9C-5697-4D61-AAAE-E0B096BF3524}.Release|Any CPU.Build.0 = Release|Any CPU
		{1D764F2C-76B8-44BE-8D2A-E1E81BC538DD}.Debug|Any CPU.ActiveCfg = Debug|Any CPU
		{1D764F2C-76B8-44BE-8D2A-E1E81BC538DD}.Debug|Any CPU.Build.0 = Debug|Any CPU
		{1D764F2C-76B8-44BE-8D2A-E1E81BC538DD}.Release|Any CPU.ActiveCfg = Release|Any CPU
		{1D764F2C-76B8-44BE-8D2A-E1E81BC538DD}.Release|Any CPU.Build.0 = Release|Any CPU
		{5D2E8F50-0BEC-4B91-942D-45B80D3AD7C1}.Debug|Any CPU.ActiveCfg = Debug|Any CPU
		{5D2E8F50-0BEC-4B91-942D-45B80D3AD7C1}.Debug|Any CPU.Build.0 = Debug|Any CPU
		{5D2E8F50-0BEC-4B91-942D-45B80D3AD7C1}.Release|Any CPU.ActiveCfg = Release|Any CPU
		{5D2E8F50-0BEC-4B91-942D-45B80D3AD7C1}.Release|Any CPU.Build.0 = Release|Any CPU
		{0ABDBB09-5963-45AD-8063-3C7384DB0D08}.Debug|Any CPU.ActiveCfg = Debug|Any CPU
		{0ABDBB09-5963-45AD-8063-3C7384DB0D08}.Debug|Any CPU.Build.0 = Debug|Any CPU
		{0ABDBB09-5963-45AD-8063-3C7384DB0D08}.Release|Any CPU.ActiveCfg = Release|Any CPU
		{0ABDBB09-5963-45AD-8063-3C7384DB0D08}.Release|Any CPU.Build.0 = Release|Any CPU
		{8C4400C5-8AF1-4D4F-921B-9265AA5C5885}.Debug|Any CPU.ActiveCfg = Debug|Any CPU
		{8C4400C5-8AF1-4D4F-921B-9265AA5C5885}.Debug|Any CPU.Build.0 = Debug|Any CPU
		{8C4400C5-8AF1-4D4F-921B-9265AA5C5885}.Release|Any CPU.ActiveCfg = Release|Any CPU
		{8C4400C5-8AF1-4D4F-921B-9265AA5C5885}.Release|Any CPU.Build.0 = Release|Any CPU
		{D5B4307F-12C8-4529-B1A4-464BDBAFB175}.Debug|Any CPU.ActiveCfg = Debug|Any CPU
		{D5B4307F-12C8-4529-B1A4-464BDBAFB175}.Debug|Any CPU.Build.0 = Debug|Any CPU
		{D5B4307F-12C8-4529-B1A4-464BDBAFB175}.Release|Any CPU.ActiveCfg = Debug|Any CPU
		{D5B4307F-12C8-4529-B1A4-464BDBAFB175}.Release|Any CPU.Build.0 = Debug|Any CPU
	EndGlobalSection
	GlobalSection(SolutionProperties) = preSolution
		HideSolutionNode = FALSE
	EndGlobalSection
	GlobalSection(ExtensibilityGlobals) = postSolution
		SolutionGuid = {A8E5F61E-6563-4AE4-A074-830AD855F3DC}
	EndGlobalSection
EndGlobal
